// !$*UTF8*$!
{
	archiveVersion = 1;
	classes = {
	};
	objectVersion = 46;
	objects = {

/* Begin PBXBuildFile section */
		D003309617AE41A1007C96DA /* InfoPlist.strings in Resources */ = {isa = PBXBuildFile; fileRef = D003309417AE41A1007C96DA /* InfoPlist.strings */; };
		D003309817AE41A1007C96DA /* main.m in Sources */ = {isa = PBXBuildFile; fileRef = D003309717AE41A1007C96DA /* main.m */; };
		D003309C17AE41A1007C96DA /* netraAppDelegate.m in Sources */ = {isa = PBXBuildFile; fileRef = D003309B17AE41A1007C96DA /* netraAppDelegate.m */; };
		D003309E17AE41A1007C96DA /* Default.png in Resources */ = {isa = PBXBuildFile; fileRef = D003309D17AE41A1007C96DA /* Default.png */; };
		D00330A017AE41A1007C96DA /* Default@2x.png in Resources */ = {isa = PBXBuildFile; fileRef = D003309F17AE41A1007C96DA /* Default@2x.png */; };
		D00330A217AE41A1007C96DA /* Default-568h@2x.png in Resources */ = {isa = PBXBuildFile; fileRef = D00330A117AE41A1007C96DA /* Default-568h@2x.png */; };
		D00330CE17AE7C1A007C96DA /* AFHTTPClient.m in Sources */ = {isa = PBXBuildFile; fileRef = D00330BC17AE7C1A007C96DA /* AFHTTPClient.m */; };
		D00330CF17AE7C1A007C96DA /* AFHTTPRequestOperation.m in Sources */ = {isa = PBXBuildFile; fileRef = D00330BE17AE7C1A007C96DA /* AFHTTPRequestOperation.m */; };
		D00330D017AE7C1A007C96DA /* AFImageRequestOperation.m in Sources */ = {isa = PBXBuildFile; fileRef = D00330C017AE7C1A007C96DA /* AFImageRequestOperation.m */; };
		D00330D117AE7C1A007C96DA /* AFJSONRequestOperation.m in Sources */ = {isa = PBXBuildFile; fileRef = D00330C217AE7C1A007C96DA /* AFJSONRequestOperation.m */; };
		D00330D217AE7C1A007C96DA /* AFNetworkActivityIndicatorManager.m in Sources */ = {isa = PBXBuildFile; fileRef = D00330C417AE7C1A007C96DA /* AFNetworkActivityIndicatorManager.m */; };
		D00330D317AE7C1A007C96DA /* AFPropertyListRequestOperation.m in Sources */ = {isa = PBXBuildFile; fileRef = D00330C717AE7C1A007C96DA /* AFPropertyListRequestOperation.m */; };
		D00330D417AE7C1A007C96DA /* AFURLConnectionOperation.m in Sources */ = {isa = PBXBuildFile; fileRef = D00330C917AE7C1A007C96DA /* AFURLConnectionOperation.m */; };
		D00330D517AE7C1A007C96DA /* AFXMLRequestOperation.m in Sources */ = {isa = PBXBuildFile; fileRef = D00330CB17AE7C1A007C96DA /* AFXMLRequestOperation.m */; };
		D00330D617AE7C1A007C96DA /* UIImageView+AFNetworking.m in Sources */ = {isa = PBXBuildFile; fileRef = D00330CD17AE7C1A007C96DA /* UIImageView+AFNetworking.m */; };
		D00330DA17AE7C80007C96DA /* .gitignore in Resources */ = {isa = PBXBuildFile; fileRef = D00330D917AE7C80007C96DA /* .gitignore */; };
		D003311817AE9F78007C96DA /* MagicalImportFunctions.m in Sources */ = {isa = PBXBuildFile; fileRef = D00330E017AE9F78007C96DA /* MagicalImportFunctions.m */; };
		D003311917AE9F78007C96DA /* NSAttributeDescription+MagicalDataImport.m in Sources */ = {isa = PBXBuildFile; fileRef = D00330E217AE9F78007C96DA /* NSAttributeDescription+MagicalDataImport.m */; };
		D003311A17AE9F78007C96DA /* NSEntityDescription+MagicalDataImport.m in Sources */ = {isa = PBXBuildFile; fileRef = D00330E417AE9F78007C96DA /* NSEntityDescription+MagicalDataImport.m */; };
		D003311B17AE9F78007C96DA /* NSNumber+MagicalDataImport.m in Sources */ = {isa = PBXBuildFile; fileRef = D00330E617AE9F78007C96DA /* NSNumber+MagicalDataImport.m */; };
		D003311C17AE9F78007C96DA /* NSObject+MagicalDataImport.m in Sources */ = {isa = PBXBuildFile; fileRef = D00330E817AE9F78007C96DA /* NSObject+MagicalDataImport.m */; };
		D003311D17AE9F78007C96DA /* NSRelationshipDescription+MagicalDataImport.m in Sources */ = {isa = PBXBuildFile; fileRef = D00330EA17AE9F78007C96DA /* NSRelationshipDescription+MagicalDataImport.m */; };
		D003311E17AE9F78007C96DA /* NSString+MagicalDataImport.m in Sources */ = {isa = PBXBuildFile; fileRef = D00330EC17AE9F78007C96DA /* NSString+MagicalDataImport.m */; };
		D003311F17AE9F78007C96DA /* NSManagedObject+MagicalAggregation.m in Sources */ = {isa = PBXBuildFile; fileRef = D00330EF17AE9F78007C96DA /* NSManagedObject+MagicalAggregation.m */; };
		D003312017AE9F78007C96DA /* NSManagedObject+MagicalDataImport.m in Sources */ = {isa = PBXBuildFile; fileRef = D00330F117AE9F78007C96DA /* NSManagedObject+MagicalDataImport.m */; };
		D003312117AE9F78007C96DA /* NSManagedObject+MagicalFinders.m in Sources */ = {isa = PBXBuildFile; fileRef = D00330F317AE9F78007C96DA /* NSManagedObject+MagicalFinders.m */; };
		D003312217AE9F78007C96DA /* NSManagedObject+MagicalRecord.m in Sources */ = {isa = PBXBuildFile; fileRef = D00330F517AE9F78007C96DA /* NSManagedObject+MagicalRecord.m */; };
		D003312317AE9F78007C96DA /* NSManagedObject+MagicalRequests.m in Sources */ = {isa = PBXBuildFile; fileRef = D00330F717AE9F78007C96DA /* NSManagedObject+MagicalRequests.m */; };
		D003312417AE9F78007C96DA /* NSManagedObjectContext+MagicalObserving.m in Sources */ = {isa = PBXBuildFile; fileRef = D00330FA17AE9F78007C96DA /* NSManagedObjectContext+MagicalObserving.m */; };
		D003312517AE9F78007C96DA /* NSManagedObjectContext+MagicalRecord.m in Sources */ = {isa = PBXBuildFile; fileRef = D00330FC17AE9F78007C96DA /* NSManagedObjectContext+MagicalRecord.m */; };
		D003312617AE9F78007C96DA /* NSManagedObjectContext+MagicalSaves.m in Sources */ = {isa = PBXBuildFile; fileRef = D00330FE17AE9F78007C96DA /* NSManagedObjectContext+MagicalSaves.m */; };
		D003312717AE9F78007C96DA /* NSManagedObjectContext+MagicalThreading.m in Sources */ = {isa = PBXBuildFile; fileRef = D003310017AE9F78007C96DA /* NSManagedObjectContext+MagicalThreading.m */; };
		D003312817AE9F78007C96DA /* NSManagedObjectModel+MagicalRecord.m in Sources */ = {isa = PBXBuildFile; fileRef = D003310217AE9F78007C96DA /* NSManagedObjectModel+MagicalRecord.m */; };
		D003312917AE9F78007C96DA /* NSPersistentStore+MagicalRecord.m in Sources */ = {isa = PBXBuildFile; fileRef = D003310417AE9F78007C96DA /* NSPersistentStore+MagicalRecord.m */; };
		D003312A17AE9F78007C96DA /* NSPersistentStoreCoordinator+MagicalRecord.m in Sources */ = {isa = PBXBuildFile; fileRef = D003310617AE9F78007C96DA /* NSPersistentStoreCoordinator+MagicalRecord.m */; };
		D003312B17AE9F78007C96DA /* MagicalRecord+Actions.m in Sources */ = {isa = PBXBuildFile; fileRef = D003310917AE9F78007C96DA /* MagicalRecord+Actions.m */; };
		D003312C17AE9F78007C96DA /* MagicalRecord+ErrorHandling.m in Sources */ = {isa = PBXBuildFile; fileRef = D003310B17AE9F78007C96DA /* MagicalRecord+ErrorHandling.m */; };
		D003312D17AE9F78007C96DA /* MagicalRecord+iCloud.m in Sources */ = {isa = PBXBuildFile; fileRef = D003310D17AE9F78007C96DA /* MagicalRecord+iCloud.m */; };
		D003312E17AE9F78007C96DA /* MagicalRecord+Options.m in Sources */ = {isa = PBXBuildFile; fileRef = D003310F17AE9F78007C96DA /* MagicalRecord+Options.m */; };
		D003312F17AE9F78007C96DA /* MagicalRecord+Setup.m in Sources */ = {isa = PBXBuildFile; fileRef = D003311117AE9F78007C96DA /* MagicalRecord+Setup.m */; };
		D003313017AE9F78007C96DA /* MagicalRecord+ShorthandSupport.m in Sources */ = {isa = PBXBuildFile; fileRef = D003311317AE9F78007C96DA /* MagicalRecord+ShorthandSupport.m */; };
		D003313117AE9F78007C96DA /* MagicalRecord.m in Sources */ = {isa = PBXBuildFile; fileRef = D003311517AE9F78007C96DA /* MagicalRecord.m */; };
		D003313C17AEA50D007C96DA /* JASidePanelController.m in Sources */ = {isa = PBXBuildFile; fileRef = D003313917AEA50D007C96DA /* JASidePanelController.m */; settings = {COMPILER_FLAGS = "-fobjc-arc"; }; };
		D003313D17AEA50D007C96DA /* UIViewController+JASidePanel.m in Sources */ = {isa = PBXBuildFile; fileRef = D003313B17AEA50D007C96DA /* UIViewController+JASidePanel.m */; settings = {COMPILER_FLAGS = "-fobjc-arc"; }; };
		D003314617AEA61F007C96DA /* mainviewController.m in Sources */ = {isa = PBXBuildFile; fileRef = D003314517AEA61F007C96DA /* mainviewController.m */; };
		D003314A17AEA644007C96DA /* LeftViewController.m in Sources */ = {isa = PBXBuildFile; fileRef = D003314917AEA644007C96DA /* LeftViewController.m */; };
		D003314D17AEA654007C96DA /* CommentViewController.m in Sources */ = {isa = PBXBuildFile; fileRef = D003314C17AEA654007C96DA /* CommentViewController.m */; };
		D003314E17AEA9E5007C96DA /* QuartzCore.framework in Frameworks */ = {isa = PBXBuildFile; fileRef = D003313E17AEA563007C96DA /* QuartzCore.framework */; };
		D003314F17AEA9E5007C96DA /* MobileCoreServices.framework in Frameworks */ = {isa = PBXBuildFile; fileRef = D003313417AEA027007C96DA /* MobileCoreServices.framework */; };
		D003315017AEA9E5007C96DA /* CoreData.framework in Frameworks */ = {isa = PBXBuildFile; fileRef = D003313217AE9F81007C96DA /* CoreData.framework */; };
		D003315117AEA9E5007C96DA /* Security.framework in Frameworks */ = {isa = PBXBuildFile; fileRef = D00330D717AE7C25007C96DA /* Security.framework */; };
		D003315217AEA9E5007C96DA /* Social.framework in Frameworks */ = {isa = PBXBuildFile; fileRef = D00330B317AE78C8007C96DA /* Social.framework */; };
		D003315317AEA9E5007C96DA /* Accounts.framework in Frameworks */ = {isa = PBXBuildFile; fileRef = D00330B117AE78C2007C96DA /* Accounts.framework */; };
		D003315417AEA9E5007C96DA /* UIKit.framework in Frameworks */ = {isa = PBXBuildFile; fileRef = D003308B17AE41A1007C96DA /* UIKit.framework */; };
		D003315517AEA9E5007C96DA /* Foundation.framework in Frameworks */ = {isa = PBXBuildFile; fileRef = D003308D17AE41A1007C96DA /* Foundation.framework */; };
		D003315617AEA9E5007C96DA /* CoreGraphics.framework in Frameworks */ = {isa = PBXBuildFile; fileRef = D003308F17AE41A1007C96DA /* CoreGraphics.framework */; };
/* End PBXBuildFile section */

/* Begin PBXFileReference section */
		D003308817AE41A1007C96DA /* BuswayTrap.app */ = {isa = PBXFileReference; explicitFileType = wrapper.application; includeInIndex = 0; path = BuswayTrap.app; sourceTree = BUILT_PRODUCTS_DIR; };
		D003308B17AE41A1007C96DA /* UIKit.framework */ = {isa = PBXFileReference; lastKnownFileType = wrapper.framework; name = UIKit.framework; path = System/Library/Frameworks/UIKit.framework; sourceTree = SDKROOT; };
		D003308D17AE41A1007C96DA /* Foundation.framework */ = {isa = PBXFileReference; lastKnownFileType = wrapper.framework; name = Foundation.framework; path = System/Library/Frameworks/Foundation.framework; sourceTree = SDKROOT; };
		D003308F17AE41A1007C96DA /* CoreGraphics.framework */ = {isa = PBXFileReference; lastKnownFileType = wrapper.framework; name = CoreGraphics.framework; path = System/Library/Frameworks/CoreGraphics.framework; sourceTree = SDKROOT; };
		D003309317AE41A1007C96DA /* BuswayTrap-Info.plist */ = {isa = PBXFileReference; lastKnownFileType = text.plist.xml; path = "BuswayTrap-Info.plist"; sourceTree = "<group>"; };
		D003309517AE41A1007C96DA /* en */ = {isa = PBXFileReference; lastKnownFileType = text.plist.strings; name = en; path = en.lproj/InfoPlist.strings; sourceTree = "<group>"; };
		D003309717AE41A1007C96DA /* main.m */ = {isa = PBXFileReference; lastKnownFileType = sourcecode.c.objc; path = main.m; sourceTree = "<group>"; };
		D003309917AE41A1007C96DA /* BuswayTrap-Prefix.pch */ = {isa = PBXFileReference; lastKnownFileType = sourcecode.c.h; path = "BuswayTrap-Prefix.pch"; sourceTree = "<group>"; };
		D003309A17AE41A1007C96DA /* netraAppDelegate.h */ = {isa = PBXFileReference; lastKnownFileType = sourcecode.c.h; path = netraAppDelegate.h; sourceTree = "<group>"; };
		D003309B17AE41A1007C96DA /* netraAppDelegate.m */ = {isa = PBXFileReference; lastKnownFileType = sourcecode.c.objc; path = netraAppDelegate.m; sourceTree = "<group>"; };
		D003309D17AE41A1007C96DA /* Default.png */ = {isa = PBXFileReference; lastKnownFileType = image.png; path = Default.png; sourceTree = "<group>"; };
		D003309F17AE41A1007C96DA /* Default@2x.png */ = {isa = PBXFileReference; lastKnownFileType = image.png; path = "Default@2x.png"; sourceTree = "<group>"; };
		D00330A117AE41A1007C96DA /* Default-568h@2x.png */ = {isa = PBXFileReference; lastKnownFileType = image.png; path = "Default-568h@2x.png"; sourceTree = "<group>"; };
		D00330B117AE78C2007C96DA /* Accounts.framework */ = {isa = PBXFileReference; lastKnownFileType = wrapper.framework; name = Accounts.framework; path = System/Library/Frameworks/Accounts.framework; sourceTree = SDKROOT; };
		D00330B317AE78C8007C96DA /* Social.framework */ = {isa = PBXFileReference; lastKnownFileType = wrapper.framework; name = Social.framework; path = System/Library/Frameworks/Social.framework; sourceTree = SDKROOT; };
		D00330BB17AE7C1A007C96DA /* AFHTTPClient.h */ = {isa = PBXFileReference; fileEncoding = 4; lastKnownFileType = sourcecode.c.h; path = AFHTTPClient.h; sourceTree = "<group>"; };
		D00330BC17AE7C1A007C96DA /* AFHTTPClient.m */ = {isa = PBXFileReference; fileEncoding = 4; lastKnownFileType = sourcecode.c.objc; path = AFHTTPClient.m; sourceTree = "<group>"; };
		D00330BD17AE7C1A007C96DA /* AFHTTPRequestOperation.h */ = {isa = PBXFileReference; fileEncoding = 4; lastKnownFileType = sourcecode.c.h; path = AFHTTPRequestOperation.h; sourceTree = "<group>"; };
		D00330BE17AE7C1A007C96DA /* AFHTTPRequestOperation.m */ = {isa = PBXFileReference; fileEncoding = 4; lastKnownFileType = sourcecode.c.objc; path = AFHTTPRequestOperation.m; sourceTree = "<group>"; };
		D00330BF17AE7C1A007C96DA /* AFImageRequestOperation.h */ = {isa = PBXFileReference; fileEncoding = 4; lastKnownFileType = sourcecode.c.h; path = AFImageRequestOperation.h; sourceTree = "<group>"; };
		D00330C017AE7C1A007C96DA /* AFImageRequestOperation.m */ = {isa = PBXFileReference; fileEncoding = 4; lastKnownFileType = sourcecode.c.objc; path = AFImageRequestOperation.m; sourceTree = "<group>"; };
		D00330C117AE7C1A007C96DA /* AFJSONRequestOperation.h */ = {isa = PBXFileReference; fileEncoding = 4; lastKnownFileType = sourcecode.c.h; path = AFJSONRequestOperation.h; sourceTree = "<group>"; };
		D00330C217AE7C1A007C96DA /* AFJSONRequestOperation.m */ = {isa = PBXFileReference; fileEncoding = 4; lastKnownFileType = sourcecode.c.objc; path = AFJSONRequestOperation.m; sourceTree = "<group>"; };
		D00330C317AE7C1A007C96DA /* AFNetworkActivityIndicatorManager.h */ = {isa = PBXFileReference; fileEncoding = 4; lastKnownFileType = sourcecode.c.h; path = AFNetworkActivityIndicatorManager.h; sourceTree = "<group>"; };
		D00330C417AE7C1A007C96DA /* AFNetworkActivityIndicatorManager.m */ = {isa = PBXFileReference; fileEncoding = 4; lastKnownFileType = sourcecode.c.objc; path = AFNetworkActivityIndicatorManager.m; sourceTree = "<group>"; };
		D00330C517AE7C1A007C96DA /* AFNetworking.h */ = {isa = PBXFileReference; fileEncoding = 4; lastKnownFileType = sourcecode.c.h; path = AFNetworking.h; sourceTree = "<group>"; };
		D00330C617AE7C1A007C96DA /* AFPropertyListRequestOperation.h */ = {isa = PBXFileReference; fileEncoding = 4; lastKnownFileType = sourcecode.c.h; path = AFPropertyListRequestOperation.h; sourceTree = "<group>"; };
		D00330C717AE7C1A007C96DA /* AFPropertyListRequestOperation.m */ = {isa = PBXFileReference; fileEncoding = 4; lastKnownFileType = sourcecode.c.objc; path = AFPropertyListRequestOperation.m; sourceTree = "<group>"; };
		D00330C817AE7C1A007C96DA /* AFURLConnectionOperation.h */ = {isa = PBXFileReference; fileEncoding = 4; lastKnownFileType = sourcecode.c.h; path = AFURLConnectionOperation.h; sourceTree = "<group>"; };
		D00330C917AE7C1A007C96DA /* AFURLConnectionOperation.m */ = {isa = PBXFileReference; fileEncoding = 4; lastKnownFileType = sourcecode.c.objc; path = AFURLConnectionOperation.m; sourceTree = "<group>"; };
		D00330CA17AE7C1A007C96DA /* AFXMLRequestOperation.h */ = {isa = PBXFileReference; fileEncoding = 4; lastKnownFileType = sourcecode.c.h; path = AFXMLRequestOperation.h; sourceTree = "<group>"; };
		D00330CB17AE7C1A007C96DA /* AFXMLRequestOperation.m */ = {isa = PBXFileReference; fileEncoding = 4; lastKnownFileType = sourcecode.c.objc; path = AFXMLRequestOperation.m; sourceTree = "<group>"; };
		D00330CC17AE7C1A007C96DA /* UIImageView+AFNetworking.h */ = {isa = PBXFileReference; fileEncoding = 4; lastKnownFileType = sourcecode.c.h; path = "UIImageView+AFNetworking.h"; sourceTree = "<group>"; };
		D00330CD17AE7C1A007C96DA /* UIImageView+AFNetworking.m */ = {isa = PBXFileReference; fileEncoding = 4; lastKnownFileType = sourcecode.c.objc; path = "UIImageView+AFNetworking.m"; sourceTree = "<group>"; };
		D00330D717AE7C25007C96DA /* Security.framework */ = {isa = PBXFileReference; lastKnownFileType = wrapper.framework; name = Security.framework; path = System/Library/Frameworks/Security.framework; sourceTree = SDKROOT; };
		D00330D917AE7C80007C96DA /* .gitignore */ = {isa = PBXFileReference; fileEncoding = 4; lastKnownFileType = text; path = .gitignore; sourceTree = "<group>"; };
		D00330DF17AE9F78007C96DA /* MagicalImportFunctions.h */ = {isa = PBXFileReference; fileEncoding = 4; lastKnownFileType = sourcecode.c.h; path = MagicalImportFunctions.h; sourceTree = "<group>"; };
		D00330E017AE9F78007C96DA /* MagicalImportFunctions.m */ = {isa = PBXFileReference; fileEncoding = 4; lastKnownFileType = sourcecode.c.objc; path = MagicalImportFunctions.m; sourceTree = "<group>"; };
		D00330E117AE9F78007C96DA /* NSAttributeDescription+MagicalDataImport.h */ = {isa = PBXFileReference; fileEncoding = 4; lastKnownFileType = sourcecode.c.h; path = "NSAttributeDescription+MagicalDataImport.h"; sourceTree = "<group>"; };
		D00330E217AE9F78007C96DA /* NSAttributeDescription+MagicalDataImport.m */ = {isa = PBXFileReference; fileEncoding = 4; lastKnownFileType = sourcecode.c.objc; path = "NSAttributeDescription+MagicalDataImport.m"; sourceTree = "<group>"; };
		D00330E317AE9F78007C96DA /* NSEntityDescription+MagicalDataImport.h */ = {isa = PBXFileReference; fileEncoding = 4; lastKnownFileType = sourcecode.c.h; path = "NSEntityDescription+MagicalDataImport.h"; sourceTree = "<group>"; };
		D00330E417AE9F78007C96DA /* NSEntityDescription+MagicalDataImport.m */ = {isa = PBXFileReference; fileEncoding = 4; lastKnownFileType = sourcecode.c.objc; path = "NSEntityDescription+MagicalDataImport.m"; sourceTree = "<group>"; };
		D00330E517AE9F78007C96DA /* NSNumber+MagicalDataImport.h */ = {isa = PBXFileReference; fileEncoding = 4; lastKnownFileType = sourcecode.c.h; path = "NSNumber+MagicalDataImport.h"; sourceTree = "<group>"; };
		D00330E617AE9F78007C96DA /* NSNumber+MagicalDataImport.m */ = {isa = PBXFileReference; fileEncoding = 4; lastKnownFileType = sourcecode.c.objc; path = "NSNumber+MagicalDataImport.m"; sourceTree = "<group>"; };
		D00330E717AE9F78007C96DA /* NSObject+MagicalDataImport.h */ = {isa = PBXFileReference; fileEncoding = 4; lastKnownFileType = sourcecode.c.h; path = "NSObject+MagicalDataImport.h"; sourceTree = "<group>"; };
		D00330E817AE9F78007C96DA /* NSObject+MagicalDataImport.m */ = {isa = PBXFileReference; fileEncoding = 4; lastKnownFileType = sourcecode.c.objc; path = "NSObject+MagicalDataImport.m"; sourceTree = "<group>"; };
		D00330E917AE9F78007C96DA /* NSRelationshipDescription+MagicalDataImport.h */ = {isa = PBXFileReference; fileEncoding = 4; lastKnownFileType = sourcecode.c.h; path = "NSRelationshipDescription+MagicalDataImport.h"; sourceTree = "<group>"; };
		D00330EA17AE9F78007C96DA /* NSRelationshipDescription+MagicalDataImport.m */ = {isa = PBXFileReference; fileEncoding = 4; lastKnownFileType = sourcecode.c.objc; path = "NSRelationshipDescription+MagicalDataImport.m"; sourceTree = "<group>"; };
		D00330EB17AE9F78007C96DA /* NSString+MagicalDataImport.h */ = {isa = PBXFileReference; fileEncoding = 4; lastKnownFileType = sourcecode.c.h; path = "NSString+MagicalDataImport.h"; sourceTree = "<group>"; };
		D00330EC17AE9F78007C96DA /* NSString+MagicalDataImport.m */ = {isa = PBXFileReference; fileEncoding = 4; lastKnownFileType = sourcecode.c.objc; path = "NSString+MagicalDataImport.m"; sourceTree = "<group>"; };
		D00330EE17AE9F78007C96DA /* NSManagedObject+MagicalAggregation.h */ = {isa = PBXFileReference; fileEncoding = 4; lastKnownFileType = sourcecode.c.h; path = "NSManagedObject+MagicalAggregation.h"; sourceTree = "<group>"; };
		D00330EF17AE9F78007C96DA /* NSManagedObject+MagicalAggregation.m */ = {isa = PBXFileReference; fileEncoding = 4; lastKnownFileType = sourcecode.c.objc; path = "NSManagedObject+MagicalAggregation.m"; sourceTree = "<group>"; };
		D00330F017AE9F78007C96DA /* NSManagedObject+MagicalDataImport.h */ = {isa = PBXFileReference; fileEncoding = 4; lastKnownFileType = sourcecode.c.h; path = "NSManagedObject+MagicalDataImport.h"; sourceTree = "<group>"; };
		D00330F117AE9F78007C96DA /* NSManagedObject+MagicalDataImport.m */ = {isa = PBXFileReference; fileEncoding = 4; lastKnownFileType = sourcecode.c.objc; path = "NSManagedObject+MagicalDataImport.m"; sourceTree = "<group>"; };
		D00330F217AE9F78007C96DA /* NSManagedObject+MagicalFinders.h */ = {isa = PBXFileReference; fileEncoding = 4; lastKnownFileType = sourcecode.c.h; path = "NSManagedObject+MagicalFinders.h"; sourceTree = "<group>"; };
		D00330F317AE9F78007C96DA /* NSManagedObject+MagicalFinders.m */ = {isa = PBXFileReference; fileEncoding = 4; lastKnownFileType = sourcecode.c.objc; path = "NSManagedObject+MagicalFinders.m"; sourceTree = "<group>"; };
		D00330F417AE9F78007C96DA /* NSManagedObject+MagicalRecord.h */ = {isa = PBXFileReference; fileEncoding = 4; lastKnownFileType = sourcecode.c.h; path = "NSManagedObject+MagicalRecord.h"; sourceTree = "<group>"; };
		D00330F517AE9F78007C96DA /* NSManagedObject+MagicalRecord.m */ = {isa = PBXFileReference; fileEncoding = 4; lastKnownFileType = sourcecode.c.objc; path = "NSManagedObject+MagicalRecord.m"; sourceTree = "<group>"; };
		D00330F617AE9F78007C96DA /* NSManagedObject+MagicalRequests.h */ = {isa = PBXFileReference; fileEncoding = 4; lastKnownFileType = sourcecode.c.h; path = "NSManagedObject+MagicalRequests.h"; sourceTree = "<group>"; };
		D00330F717AE9F78007C96DA /* NSManagedObject+MagicalRequests.m */ = {isa = PBXFileReference; fileEncoding = 4; lastKnownFileType = sourcecode.c.objc; path = "NSManagedObject+MagicalRequests.m"; sourceTree = "<group>"; };
		D00330F917AE9F78007C96DA /* NSManagedObjectContext+MagicalObserving.h */ = {isa = PBXFileReference; fileEncoding = 4; lastKnownFileType = sourcecode.c.h; path = "NSManagedObjectContext+MagicalObserving.h"; sourceTree = "<group>"; };
		D00330FA17AE9F78007C96DA /* NSManagedObjectContext+MagicalObserving.m */ = {isa = PBXFileReference; fileEncoding = 4; lastKnownFileType = sourcecode.c.objc; path = "NSManagedObjectContext+MagicalObserving.m"; sourceTree = "<group>"; };
		D00330FB17AE9F78007C96DA /* NSManagedObjectContext+MagicalRecord.h */ = {isa = PBXFileReference; fileEncoding = 4; lastKnownFileType = sourcecode.c.h; path = "NSManagedObjectContext+MagicalRecord.h"; sourceTree = "<group>"; };
		D00330FC17AE9F78007C96DA /* NSManagedObjectContext+MagicalRecord.m */ = {isa = PBXFileReference; fileEncoding = 4; lastKnownFileType = sourcecode.c.objc; path = "NSManagedObjectContext+MagicalRecord.m"; sourceTree = "<group>"; };
		D00330FD17AE9F78007C96DA /* NSManagedObjectContext+MagicalSaves.h */ = {isa = PBXFileReference; fileEncoding = 4; lastKnownFileType = sourcecode.c.h; path = "NSManagedObjectContext+MagicalSaves.h"; sourceTree = "<group>"; };
		D00330FE17AE9F78007C96DA /* NSManagedObjectContext+MagicalSaves.m */ = {isa = PBXFileReference; fileEncoding = 4; lastKnownFileType = sourcecode.c.objc; path = "NSManagedObjectContext+MagicalSaves.m"; sourceTree = "<group>"; };
		D00330FF17AE9F78007C96DA /* NSManagedObjectContext+MagicalThreading.h */ = {isa = PBXFileReference; fileEncoding = 4; lastKnownFileType = sourcecode.c.h; path = "NSManagedObjectContext+MagicalThreading.h"; sourceTree = "<group>"; };
		D003310017AE9F78007C96DA /* NSManagedObjectContext+MagicalThreading.m */ = {isa = PBXFileReference; fileEncoding = 4; lastKnownFileType = sourcecode.c.objc; path = "NSManagedObjectContext+MagicalThreading.m"; sourceTree = "<group>"; };
		D003310117AE9F78007C96DA /* NSManagedObjectModel+MagicalRecord.h */ = {isa = PBXFileReference; fileEncoding = 4; lastKnownFileType = sourcecode.c.h; path = "NSManagedObjectModel+MagicalRecord.h"; sourceTree = "<group>"; };
		D003310217AE9F78007C96DA /* NSManagedObjectModel+MagicalRecord.m */ = {isa = PBXFileReference; fileEncoding = 4; lastKnownFileType = sourcecode.c.objc; path = "NSManagedObjectModel+MagicalRecord.m"; sourceTree = "<group>"; };
		D003310317AE9F78007C96DA /* NSPersistentStore+MagicalRecord.h */ = {isa = PBXFileReference; fileEncoding = 4; lastKnownFileType = sourcecode.c.h; path = "NSPersistentStore+MagicalRecord.h"; sourceTree = "<group>"; };
		D003310417AE9F78007C96DA /* NSPersistentStore+MagicalRecord.m */ = {isa = PBXFileReference; fileEncoding = 4; lastKnownFileType = sourcecode.c.objc; path = "NSPersistentStore+MagicalRecord.m"; sourceTree = "<group>"; };
		D003310517AE9F78007C96DA /* NSPersistentStoreCoordinator+MagicalRecord.h */ = {isa = PBXFileReference; fileEncoding = 4; lastKnownFileType = sourcecode.c.h; path = "NSPersistentStoreCoordinator+MagicalRecord.h"; sourceTree = "<group>"; };
		D003310617AE9F78007C96DA /* NSPersistentStoreCoordinator+MagicalRecord.m */ = {isa = PBXFileReference; fileEncoding = 4; lastKnownFileType = sourcecode.c.objc; path = "NSPersistentStoreCoordinator+MagicalRecord.m"; sourceTree = "<group>"; };
		D003310817AE9F78007C96DA /* MagicalRecord+Actions.h */ = {isa = PBXFileReference; fileEncoding = 4; lastKnownFileType = sourcecode.c.h; path = "MagicalRecord+Actions.h"; sourceTree = "<group>"; };
		D003310917AE9F78007C96DA /* MagicalRecord+Actions.m */ = {isa = PBXFileReference; fileEncoding = 4; lastKnownFileType = sourcecode.c.objc; path = "MagicalRecord+Actions.m"; sourceTree = "<group>"; };
		D003310A17AE9F78007C96DA /* MagicalRecord+ErrorHandling.h */ = {isa = PBXFileReference; fileEncoding = 4; lastKnownFileType = sourcecode.c.h; path = "MagicalRecord+ErrorHandling.h"; sourceTree = "<group>"; };
		D003310B17AE9F78007C96DA /* MagicalRecord+ErrorHandling.m */ = {isa = PBXFileReference; fileEncoding = 4; lastKnownFileType = sourcecode.c.objc; path = "MagicalRecord+ErrorHandling.m"; sourceTree = "<group>"; };
		D003310C17AE9F78007C96DA /* MagicalRecord+iCloud.h */ = {isa = PBXFileReference; fileEncoding = 4; lastKnownFileType = sourcecode.c.h; path = "MagicalRecord+iCloud.h"; sourceTree = "<group>"; };
		D003310D17AE9F78007C96DA /* MagicalRecord+iCloud.m */ = {isa = PBXFileReference; fileEncoding = 4; lastKnownFileType = sourcecode.c.objc; path = "MagicalRecord+iCloud.m"; sourceTree = "<group>"; };
		D003310E17AE9F78007C96DA /* MagicalRecord+Options.h */ = {isa = PBXFileReference; fileEncoding = 4; lastKnownFileType = sourcecode.c.h; path = "MagicalRecord+Options.h"; sourceTree = "<group>"; };
		D003310F17AE9F78007C96DA /* MagicalRecord+Options.m */ = {isa = PBXFileReference; fileEncoding = 4; lastKnownFileType = sourcecode.c.objc; path = "MagicalRecord+Options.m"; sourceTree = "<group>"; };
		D003311017AE9F78007C96DA /* MagicalRecord+Setup.h */ = {isa = PBXFileReference; fileEncoding = 4; lastKnownFileType = sourcecode.c.h; path = "MagicalRecord+Setup.h"; sourceTree = "<group>"; };
		D003311117AE9F78007C96DA /* MagicalRecord+Setup.m */ = {isa = PBXFileReference; fileEncoding = 4; lastKnownFileType = sourcecode.c.objc; path = "MagicalRecord+Setup.m"; sourceTree = "<group>"; };
		D003311217AE9F78007C96DA /* MagicalRecord+ShorthandSupport.h */ = {isa = PBXFileReference; fileEncoding = 4; lastKnownFileType = sourcecode.c.h; path = "MagicalRecord+ShorthandSupport.h"; sourceTree = "<group>"; };
		D003311317AE9F78007C96DA /* MagicalRecord+ShorthandSupport.m */ = {isa = PBXFileReference; fileEncoding = 4; lastKnownFileType = sourcecode.c.objc; path = "MagicalRecord+ShorthandSupport.m"; sourceTree = "<group>"; };
		D003311417AE9F78007C96DA /* MagicalRecord.h */ = {isa = PBXFileReference; fileEncoding = 4; lastKnownFileType = sourcecode.c.h; path = MagicalRecord.h; sourceTree = "<group>"; };
		D003311517AE9F78007C96DA /* MagicalRecord.m */ = {isa = PBXFileReference; fileEncoding = 4; lastKnownFileType = sourcecode.c.objc; path = MagicalRecord.m; sourceTree = "<group>"; };
		D003311617AE9F78007C96DA /* MagicalRecordShorthand.h */ = {isa = PBXFileReference; fileEncoding = 4; lastKnownFileType = sourcecode.c.h; path = MagicalRecordShorthand.h; sourceTree = "<group>"; };
		D003311717AE9F78007C96DA /* CoreData+MagicalRecord.h */ = {isa = PBXFileReference; fileEncoding = 4; lastKnownFileType = sourcecode.c.h; path = "CoreData+MagicalRecord.h"; sourceTree = "<group>"; };
		D003313217AE9F81007C96DA /* CoreData.framework */ = {isa = PBXFileReference; lastKnownFileType = wrapper.framework; name = CoreData.framework; path = System/Library/Frameworks/CoreData.framework; sourceTree = SDKROOT; };
		D003313417AEA027007C96DA /* MobileCoreServices.framework */ = {isa = PBXFileReference; lastKnownFileType = wrapper.framework; name = MobileCoreServices.framework; path = System/Library/Frameworks/MobileCoreServices.framework; sourceTree = SDKROOT; };
		D003313817AEA50D007C96DA /* JASidePanelController.h */ = {isa = PBXFileReference; fileEncoding = 4; lastKnownFileType = sourcecode.c.h; path = JASidePanelController.h; sourceTree = "<group>"; };
		D003313917AEA50D007C96DA /* JASidePanelController.m */ = {isa = PBXFileReference; fileEncoding = 4; lastKnownFileType = sourcecode.c.objc; path = JASidePanelController.m; sourceTree = "<group>"; };
		D003313A17AEA50D007C96DA /* UIViewController+JASidePanel.h */ = {isa = PBXFileReference; fileEncoding = 4; lastKnownFileType = sourcecode.c.h; path = "UIViewController+JASidePanel.h"; sourceTree = "<group>"; };
		D003313B17AEA50D007C96DA /* UIViewController+JASidePanel.m */ = {isa = PBXFileReference; fileEncoding = 4; lastKnownFileType = sourcecode.c.objc; path = "UIViewController+JASidePanel.m"; sourceTree = "<group>"; };
		D003313E17AEA563007C96DA /* QuartzCore.framework */ = {isa = PBXFileReference; lastKnownFileType = wrapper.framework; name = QuartzCore.framework; path = System/Library/Frameworks/QuartzCore.framework; sourceTree = SDKROOT; };
		D003314417AEA61F007C96DA /* mainviewController.h */ = {isa = PBXFileReference; fileEncoding = 4; lastKnownFileType = sourcecode.c.h; path = mainviewController.h; sourceTree = "<group>"; };
		D003314517AEA61F007C96DA /* mainviewController.m */ = {isa = PBXFileReference; fileEncoding = 4; lastKnownFileType = sourcecode.c.objc; path = mainviewController.m; sourceTree = "<group>"; };
		D003314817AEA644007C96DA /* LeftViewController.h */ = {isa = PBXFileReference; fileEncoding = 4; lastKnownFileType = sourcecode.c.h; path = LeftViewController.h; sourceTree = "<group>"; };
		D003314917AEA644007C96DA /* LeftViewController.m */ = {isa = PBXFileReference; fileEncoding = 4; lastKnownFileType = sourcecode.c.objc; path = LeftViewController.m; sourceTree = "<group>"; };
		D003314B17AEA654007C96DA /* CommentViewController.h */ = {isa = PBXFileReference; fileEncoding = 4; lastKnownFileType = sourcecode.c.h; path = CommentViewController.h; sourceTree = "<group>"; };
		D003314C17AEA654007C96DA /* CommentViewController.m */ = {isa = PBXFileReference; fileEncoding = 4; lastKnownFileType = sourcecode.c.objc; path = CommentViewController.m; sourceTree = "<group>"; };
/* End PBXFileReference section */

/* Begin PBXFrameworksBuildPhase section */
		D003308517AE41A0007C96DA /* Frameworks */ = {
			isa = PBXFrameworksBuildPhase;
			buildActionMask = 2147483647;
			files = (
				D003314E17AEA9E5007C96DA /* QuartzCore.framework in Frameworks */,
				D003314F17AEA9E5007C96DA /* MobileCoreServices.framework in Frameworks */,
				D003315017AEA9E5007C96DA /* CoreData.framework in Frameworks */,
				D003315117AEA9E5007C96DA /* Security.framework in Frameworks */,
				D003315217AEA9E5007C96DA /* Social.framework in Frameworks */,
				D003315317AEA9E5007C96DA /* Accounts.framework in Frameworks */,
				D003315417AEA9E5007C96DA /* UIKit.framework in Frameworks */,
				D003315517AEA9E5007C96DA /* Foundation.framework in Frameworks */,
				D003315617AEA9E5007C96DA /* CoreGraphics.framework in Frameworks */,
			);
			runOnlyForDeploymentPostprocessing = 0;
		};
/* End PBXFrameworksBuildPhase section */

/* Begin PBXGroup section */
		D003307F17AE41A0007C96DA = {
			isa = PBXGroup;
			children = (
				D00330D917AE7C80007C96DA /* .gitignore */,
				D003309117AE41A1007C96DA /* BuswayTrap */,
				D003308A17AE41A1007C96DA /* Frameworks */,
				D003308917AE41A1007C96DA /* Products */,
			);
			sourceTree = "<group>";
		};
		D003308917AE41A1007C96DA /* Products */ = {
			isa = PBXGroup;
			children = (
				D003308817AE41A1007C96DA /* BuswayTrap.app */,
			);
			name = Products;
			sourceTree = "<group>";
		};
		D003308A17AE41A1007C96DA /* Frameworks */ = {
			isa = PBXGroup;
			children = (
				D003313E17AEA563007C96DA /* QuartzCore.framework */,
				D003313417AEA027007C96DA /* MobileCoreServices.framework */,
				D003313217AE9F81007C96DA /* CoreData.framework */,
				D00330D717AE7C25007C96DA /* Security.framework */,
				D00330B317AE78C8007C96DA /* Social.framework */,
				D00330B117AE78C2007C96DA /* Accounts.framework */,
				D003308B17AE41A1007C96DA /* UIKit.framework */,
				D003308D17AE41A1007C96DA /* Foundation.framework */,
				D003308F17AE41A1007C96DA /* CoreGraphics.framework */,
			);
			name = Frameworks;
			sourceTree = "<group>";
		};
		D003309117AE41A1007C96DA /* BuswayTrap */ = {
			isa = PBXGroup;
			children = (
				D00330A817AE7791007C96DA /* library */,
				D00330AC17AE7791007C96DA /* view */,
				D003309A17AE41A1007C96DA /* netraAppDelegate.h */,
				D003309B17AE41A1007C96DA /* netraAppDelegate.m */,
				D003309217AE41A1007C96DA /* Supporting Files */,
			);
			path = BuswayTrap;
			sourceTree = "<group>";
		};
		D003309217AE41A1007C96DA /* Supporting Files */ = {
			isa = PBXGroup;
			children = (
				D003309317AE41A1007C96DA /* BuswayTrap-Info.plist */,
				D003309417AE41A1007C96DA /* InfoPlist.strings */,
				D003309717AE41A1007C96DA /* main.m */,
				D003309917AE41A1007C96DA /* BuswayTrap-Prefix.pch */,
				D003309D17AE41A1007C96DA /* Default.png */,
				D003309F17AE41A1007C96DA /* Default@2x.png */,
				D00330A117AE41A1007C96DA /* Default-568h@2x.png */,
			);
			name = "Supporting Files";
			sourceTree = "<group>";
		};
		D00330A817AE7791007C96DA /* library */ = {
			isa = PBXGroup;
			children = (
				D003313617AEA50D007C96DA /* ui */,
				D00330DB17AE9F78007C96DA /* storage */,
				D00330AD17AE77BD007C96DA /* Analytics */,
				D00330AE17AE77BD007C96DA /* socMed */,
				D00330A917AE7791007C96DA /* image_filter */,
				D00330AA17AE7791007C96DA /* kamera */,
				D00330AB17AE7791007C96DA /* network */,
			);
			path = library;
			sourceTree = "<group>";
		};
		D00330A917AE7791007C96DA /* image_filter */ = {
			isa = PBXGroup;
			children = (
			);
			path = image_filter;
			sourceTree = "<group>";
		};
		D00330AA17AE7791007C96DA /* kamera */ = {
			isa = PBXGroup;
			children = (
			);
			path = kamera;
			sourceTree = "<group>";
		};
		D00330AB17AE7791007C96DA /* network */ = {
			isa = PBXGroup;
			children = (
				D00330BA17AE7C1A007C96DA /* AFNetworking */,
			);
			path = network;
			sourceTree = "<group>";
		};
		D00330AC17AE7791007C96DA /* view */ = {
			isa = PBXGroup;
			children = (
				D003314717AEA634007C96DA /* left */,
				D003314017AEA607007C96DA /* camera */,
				D003314117AEA607007C96DA /* center */,
				D003314217AEA607007C96DA /* comment */,
			);
			path = view;
			sourceTree = "<group>";
		};
		D00330AD17AE77BD007C96DA /* Analytics */ = {
			isa = PBXGroup;
			children = (
			);
			path = Analytics;
			sourceTree = "<group>";
		};
		D00330AE17AE77BD007C96DA /* socMed */ = {
			isa = PBXGroup;
			children = (
			);
			path = socMed;
			sourceTree = "<group>";
		};
		D00330BA17AE7C1A007C96DA /* AFNetworking */ = {
			isa = PBXGroup;
			children = (
				D00330BB17AE7C1A007C96DA /* AFHTTPClient.h */,
				D00330BC17AE7C1A007C96DA /* AFHTTPClient.m */,
				D00330BD17AE7C1A007C96DA /* AFHTTPRequestOperation.h */,
				D00330BE17AE7C1A007C96DA /* AFHTTPRequestOperation.m */,
				D00330BF17AE7C1A007C96DA /* AFImageRequestOperation.h */,
				D00330C017AE7C1A007C96DA /* AFImageRequestOperation.m */,
				D00330C117AE7C1A007C96DA /* AFJSONRequestOperation.h */,
				D00330C217AE7C1A007C96DA /* AFJSONRequestOperation.m */,
				D00330C317AE7C1A007C96DA /* AFNetworkActivityIndicatorManager.h */,
				D00330C417AE7C1A007C96DA /* AFNetworkActivityIndicatorManager.m */,
				D00330C517AE7C1A007C96DA /* AFNetworking.h */,
				D00330C617AE7C1A007C96DA /* AFPropertyListRequestOperation.h */,
				D00330C717AE7C1A007C96DA /* AFPropertyListRequestOperation.m */,
				D00330C817AE7C1A007C96DA /* AFURLConnectionOperation.h */,
				D00330C917AE7C1A007C96DA /* AFURLConnectionOperation.m */,
				D00330CA17AE7C1A007C96DA /* AFXMLRequestOperation.h */,
				D00330CB17AE7C1A007C96DA /* AFXMLRequestOperation.m */,
				D00330CC17AE7C1A007C96DA /* UIImageView+AFNetworking.h */,
				D00330CD17AE7C1A007C96DA /* UIImageView+AFNetworking.m */,
			);
			path = AFNetworking;
			sourceTree = "<group>";
		};
		D00330DB17AE9F78007C96DA /* storage */ = {
			isa = PBXGroup;
			children = (
				D00330DC17AE9F78007C96DA /* MagicalRecord */,
			);
			path = storage;
			sourceTree = "<group>";
		};
		D00330DC17AE9F78007C96DA /* MagicalRecord */ = {
			isa = PBXGroup;
			children = (
				D00330DD17AE9F78007C96DA /* Categories */,
				D003310717AE9F78007C96DA /* Core */,
				D003311717AE9F78007C96DA /* CoreData+MagicalRecord.h */,
			);
			path = MagicalRecord;
			sourceTree = "<group>";
		};
		D00330DD17AE9F78007C96DA /* Categories */ = {
			isa = PBXGroup;
			children = (
				D00330DE17AE9F78007C96DA /* DataImport */,
				D00330ED17AE9F78007C96DA /* NSManagedObject */,
				D00330F817AE9F78007C96DA /* NSManagedObjectContext */,
				D003310117AE9F78007C96DA /* NSManagedObjectModel+MagicalRecord.h */,
				D003310217AE9F78007C96DA /* NSManagedObjectModel+MagicalRecord.m */,
				D003310317AE9F78007C96DA /* NSPersistentStore+MagicalRecord.h */,
				D003310417AE9F78007C96DA /* NSPersistentStore+MagicalRecord.m */,
				D003310517AE9F78007C96DA /* NSPersistentStoreCoordinator+MagicalRecord.h */,
				D003310617AE9F78007C96DA /* NSPersistentStoreCoordinator+MagicalRecord.m */,
			);
			path = Categories;
			sourceTree = "<group>";
		};
		D00330DE17AE9F78007C96DA /* DataImport */ = {
			isa = PBXGroup;
			children = (
				D00330DF17AE9F78007C96DA /* MagicalImportFunctions.h */,
				D00330E017AE9F78007C96DA /* MagicalImportFunctions.m */,
				D00330E117AE9F78007C96DA /* NSAttributeDescription+MagicalDataImport.h */,
				D00330E217AE9F78007C96DA /* NSAttributeDescription+MagicalDataImport.m */,
				D00330E317AE9F78007C96DA /* NSEntityDescription+MagicalDataImport.h */,
				D00330E417AE9F78007C96DA /* NSEntityDescription+MagicalDataImport.m */,
				D00330E517AE9F78007C96DA /* NSNumber+MagicalDataImport.h */,
				D00330E617AE9F78007C96DA /* NSNumber+MagicalDataImport.m */,
				D00330E717AE9F78007C96DA /* NSObject+MagicalDataImport.h */,
				D00330E817AE9F78007C96DA /* NSObject+MagicalDataImport.m */,
				D00330E917AE9F78007C96DA /* NSRelationshipDescription+MagicalDataImport.h */,
				D00330EA17AE9F78007C96DA /* NSRelationshipDescription+MagicalDataImport.m */,
				D00330EB17AE9F78007C96DA /* NSString+MagicalDataImport.h */,
				D00330EC17AE9F78007C96DA /* NSString+MagicalDataImport.m */,
			);
			path = DataImport;
			sourceTree = "<group>";
		};
		D00330ED17AE9F78007C96DA /* NSManagedObject */ = {
			isa = PBXGroup;
			children = (
				D00330EE17AE9F78007C96DA /* NSManagedObject+MagicalAggregation.h */,
				D00330EF17AE9F78007C96DA /* NSManagedObject+MagicalAggregation.m */,
				D00330F017AE9F78007C96DA /* NSManagedObject+MagicalDataImport.h */,
				D00330F117AE9F78007C96DA /* NSManagedObject+MagicalDataImport.m */,
				D00330F217AE9F78007C96DA /* NSManagedObject+MagicalFinders.h */,
				D00330F317AE9F78007C96DA /* NSManagedObject+MagicalFinders.m */,
				D00330F417AE9F78007C96DA /* NSManagedObject+MagicalRecord.h */,
				D00330F517AE9F78007C96DA /* NSManagedObject+MagicalRecord.m */,
				D00330F617AE9F78007C96DA /* NSManagedObject+MagicalRequests.h */,
				D00330F717AE9F78007C96DA /* NSManagedObject+MagicalRequests.m */,
			);
			path = NSManagedObject;
			sourceTree = "<group>";
		};
		D00330F817AE9F78007C96DA /* NSManagedObjectContext */ = {
			isa = PBXGroup;
			children = (
				D00330F917AE9F78007C96DA /* NSManagedObjectContext+MagicalObserving.h */,
				D00330FA17AE9F78007C96DA /* NSManagedObjectContext+MagicalObserving.m */,
				D00330FB17AE9F78007C96DA /* NSManagedObjectContext+MagicalRecord.h */,
				D00330FC17AE9F78007C96DA /* NSManagedObjectContext+MagicalRecord.m */,
				D00330FD17AE9F78007C96DA /* NSManagedObjectContext+MagicalSaves.h */,
				D00330FE17AE9F78007C96DA /* NSManagedObjectContext+MagicalSaves.m */,
				D00330FF17AE9F78007C96DA /* NSManagedObjectContext+MagicalThreading.h */,
				D003310017AE9F78007C96DA /* NSManagedObjectContext+MagicalThreading.m */,
			);
			path = NSManagedObjectContext;
			sourceTree = "<group>";
		};
		D003310717AE9F78007C96DA /* Core */ = {
			isa = PBXGroup;
			children = (
				D003310817AE9F78007C96DA /* MagicalRecord+Actions.h */,
				D003310917AE9F78007C96DA /* MagicalRecord+Actions.m */,
				D003310A17AE9F78007C96DA /* MagicalRecord+ErrorHandling.h */,
				D003310B17AE9F78007C96DA /* MagicalRecord+ErrorHandling.m */,
				D003310C17AE9F78007C96DA /* MagicalRecord+iCloud.h */,
				D003310D17AE9F78007C96DA /* MagicalRecord+iCloud.m */,
				D003310E17AE9F78007C96DA /* MagicalRecord+Options.h */,
				D003310F17AE9F78007C96DA /* MagicalRecord+Options.m */,
				D003311017AE9F78007C96DA /* MagicalRecord+Setup.h */,
				D003311117AE9F78007C96DA /* MagicalRecord+Setup.m */,
				D003311217AE9F78007C96DA /* MagicalRecord+ShorthandSupport.h */,
				D003311317AE9F78007C96DA /* MagicalRecord+ShorthandSupport.m */,
				D003311417AE9F78007C96DA /* MagicalRecord.h */,
				D003311517AE9F78007C96DA /* MagicalRecord.m */,
				D003311617AE9F78007C96DA /* MagicalRecordShorthand.h */,
			);
			path = Core;
			sourceTree = "<group>";
		};
		D003313617AEA50D007C96DA /* ui */ = {
			isa = PBXGroup;
			children = (
				D003313717AEA50D007C96DA /* Source */,
			);
			path = ui;
			sourceTree = "<group>";
		};
		D003313717AEA50D007C96DA /* Source */ = {
			isa = PBXGroup;
			children = (
				D003313817AEA50D007C96DA /* JASidePanelController.h */,
				D003313917AEA50D007C96DA /* JASidePanelController.m */,
				D003313A17AEA50D007C96DA /* UIViewController+JASidePanel.h */,
				D003313B17AEA50D007C96DA /* UIViewController+JASidePanel.m */,
			);
			path = Source;
			sourceTree = "<group>";
		};
		D003314017AEA607007C96DA /* camera */ = {
			isa = PBXGroup;
			children = (
			);
			path = camera;
			sourceTree = "<group>";
		};
		D003314117AEA607007C96DA /* center */ = {
			isa = PBXGroup;
			children = (
				D003314417AEA61F007C96DA /* mainviewController.h */,
				D003314517AEA61F007C96DA /* mainviewController.m */,
			);
			path = center;
			sourceTree = "<group>";
		};
		D003314217AEA607007C96DA /* comment */ = {
			isa = PBXGroup;
			children = (
				D003314B17AEA654007C96DA /* CommentViewController.h */,
				D003314C17AEA654007C96DA /* CommentViewController.m */,
			);
			path = comment;
			sourceTree = "<group>";
		};
		D003314717AEA634007C96DA /* left */ = {
			isa = PBXGroup;
			children = (
				D003314817AEA644007C96DA /* LeftViewController.h */,
				D003314917AEA644007C96DA /* LeftViewController.m */,
			);
			path = left;
			sourceTree = "<group>";
		};
/* End PBXGroup section */

/* Begin PBXNativeTarget section */
		D003308717AE41A0007C96DA /* BuswayTrap */ = {
			isa = PBXNativeTarget;
			buildConfigurationList = D00330A517AE41A1007C96DA /* Build configuration list for PBXNativeTarget "BuswayTrap" */;
			buildPhases = (
				D003308417AE41A0007C96DA /* Sources */,
				D003308517AE41A0007C96DA /* Frameworks */,
				D003308617AE41A0007C96DA /* Resources */,
			);
			buildRules = (
			);
			dependencies = (
			);
			name = BuswayTrap;
			productName = BuswayTrap;
			productReference = D003308817AE41A1007C96DA /* BuswayTrap.app */;
			productType = "com.apple.product-type.application";
		};
/* End PBXNativeTarget section */

/* Begin PBXProject section */
		D003308017AE41A0007C96DA /* Project object */ = {
			isa = PBXProject;
			attributes = {
				CLASSPREFIX = netra;
				LastUpgradeCheck = 0460;
				ORGANIZATIONNAME = netra;
			};
			buildConfigurationList = D003308317AE41A0007C96DA /* Build configuration list for PBXProject "BuswayTrap" */;
			compatibilityVersion = "Xcode 3.2";
			developmentRegion = English;
			hasScannedForEncodings = 0;
			knownRegions = (
				en,
			);
			mainGroup = D003307F17AE41A0007C96DA;
			productRefGroup = D003308917AE41A1007C96DA /* Products */;
			projectDirPath = "";
			projectRoot = "";
			targets = (
				D003308717AE41A0007C96DA /* BuswayTrap */,
			);
		};
/* End PBXProject section */

/* Begin PBXResourcesBuildPhase section */
		D003308617AE41A0007C96DA /* Resources */ = {
			isa = PBXResourcesBuildPhase;
			buildActionMask = 2147483647;
			files = (
				D003309617AE41A1007C96DA /* InfoPlist.strings in Resources */,
				D003309E17AE41A1007C96DA /* Default.png in Resources */,
				D00330A017AE41A1007C96DA /* Default@2x.png in Resources */,
				D00330A217AE41A1007C96DA /* Default-568h@2x.png in Resources */,
				D00330DA17AE7C80007C96DA /* .gitignore in Resources */,
			);
			runOnlyForDeploymentPostprocessing = 0;
		};
/* End PBXResourcesBuildPhase section */

/* Begin PBXSourcesBuildPhase section */
		D003308417AE41A0007C96DA /* Sources */ = {
			isa = PBXSourcesBuildPhase;
			buildActionMask = 2147483647;
			files = (
				D003309817AE41A1007C96DA /* main.m in Sources */,
				D003309C17AE41A1007C96DA /* netraAppDelegate.m in Sources */,
				D00330CE17AE7C1A007C96DA /* AFHTTPClient.m in Sources */,
				D00330CF17AE7C1A007C96DA /* AFHTTPRequestOperation.m in Sources */,
				D00330D017AE7C1A007C96DA /* AFImageRequestOperation.m in Sources */,
				D00330D117AE7C1A007C96DA /* AFJSONRequestOperation.m in Sources */,
				D00330D217AE7C1A007C96DA /* AFNetworkActivityIndicatorManager.m in Sources */,
				D00330D317AE7C1A007C96DA /* AFPropertyListRequestOperation.m in Sources */,
				D00330D417AE7C1A007C96DA /* AFURLConnectionOperation.m in Sources */,
				D00330D517AE7C1A007C96DA /* AFXMLRequestOperation.m in Sources */,
				D00330D617AE7C1A007C96DA /* UIImageView+AFNetworking.m in Sources */,
				D003311817AE9F78007C96DA /* MagicalImportFunctions.m in Sources */,
				D003311917AE9F78007C96DA /* NSAttributeDescription+MagicalDataImport.m in Sources */,
				D003311A17AE9F78007C96DA /* NSEntityDescription+MagicalDataImport.m in Sources */,
				D003311B17AE9F78007C96DA /* NSNumber+MagicalDataImport.m in Sources */,
				D003311C17AE9F78007C96DA /* NSObject+MagicalDataImport.m in Sources */,
				D003311D17AE9F78007C96DA /* NSRelationshipDescription+MagicalDataImport.m in Sources */,
				D003311E17AE9F78007C96DA /* NSString+MagicalDataImport.m in Sources */,
				D003311F17AE9F78007C96DA /* NSManagedObject+MagicalAggregation.m in Sources */,
				D003312017AE9F78007C96DA /* NSManagedObject+MagicalDataImport.m in Sources */,
				D003312117AE9F78007C96DA /* NSManagedObject+MagicalFinders.m in Sources */,
				D003312217AE9F78007C96DA /* NSManagedObject+MagicalRecord.m in Sources */,
				D003312317AE9F78007C96DA /* NSManagedObject+MagicalRequests.m in Sources */,
				D003312417AE9F78007C96DA /* NSManagedObjectContext+MagicalObserving.m in Sources */,
				D003312517AE9F78007C96DA /* NSManagedObjectContext+MagicalRecord.m in Sources */,
				D003312617AE9F78007C96DA /* NSManagedObjectContext+MagicalSaves.m in Sources */,
				D003312717AE9F78007C96DA /* NSManagedObjectContext+MagicalThreading.m in Sources */,
				D003312817AE9F78007C96DA /* NSManagedObjectModel+MagicalRecord.m in Sources */,
				D003312917AE9F78007C96DA /* NSPersistentStore+MagicalRecord.m in Sources */,
				D003312A17AE9F78007C96DA /* NSPersistentStoreCoordinator+MagicalRecord.m in Sources */,
				D003312B17AE9F78007C96DA /* MagicalRecord+Actions.m in Sources */,
				D003312C17AE9F78007C96DA /* MagicalRecord+ErrorHandling.m in Sources */,
				D003312D17AE9F78007C96DA /* MagicalRecord+iCloud.m in Sources */,
				D003312E17AE9F78007C96DA /* MagicalRecord+Options.m in Sources */,
				D003312F17AE9F78007C96DA /* MagicalRecord+Setup.m in Sources */,
				D003313017AE9F78007C96DA /* MagicalRecord+ShorthandSupport.m in Sources */,
				D003313117AE9F78007C96DA /* MagicalRecord.m in Sources */,
				D003313C17AEA50D007C96DA /* JASidePanelController.m in Sources */,
				D003313D17AEA50D007C96DA /* UIViewController+JASidePanel.m in Sources */,
				D003314617AEA61F007C96DA /* mainviewController.m in Sources */,
				D003314A17AEA644007C96DA /* LeftViewController.m in Sources */,
				D003314D17AEA654007C96DA /* CommentViewController.m in Sources */,
			);
			runOnlyForDeploymentPostprocessing = 0;
		};
/* End PBXSourcesBuildPhase section */

/* Begin PBXVariantGroup section */
		D003309417AE41A1007C96DA /* InfoPlist.strings */ = {
			isa = PBXVariantGroup;
			children = (
				D003309517AE41A1007C96DA /* en */,
			);
			name = InfoPlist.strings;
			sourceTree = "<group>";
		};
/* End PBXVariantGroup section */

/* Begin XCBuildConfiguration section */
		D00330A317AE41A1007C96DA /* Debug */ = {
			isa = XCBuildConfiguration;
			buildSettings = {
				ALWAYS_SEARCH_USER_PATHS = NO;
				CLANG_CXX_LANGUAGE_STANDARD = "gnu++0x";
				CLANG_CXX_LIBRARY = "libc++";
				CLANG_ENABLE_OBJC_ARC = YES;
				CLANG_WARN_CONSTANT_CONVERSION = YES;
				CLANG_WARN_EMPTY_BODY = YES;
				CLANG_WARN_ENUM_CONVERSION = YES;
				CLANG_WARN_INT_CONVERSION = YES;
				CLANG_WARN__DUPLICATE_METHOD_MATCH = YES;
				"CODE_SIGN_IDENTITY[sdk=iphoneos*]" = "iPhone Developer";
				COPY_PHASE_STRIP = NO;
				GCC_C_LANGUAGE_STANDARD = gnu99;
				GCC_DYNAMIC_NO_PIC = NO;
				GCC_OPTIMIZATION_LEVEL = 0;
				GCC_PREPROCESSOR_DEFINITIONS = (
					"DEBUG=1",
					"$(inherited)",
				);
				GCC_SYMBOLS_PRIVATE_EXTERN = NO;
				GCC_WARN_ABOUT_RETURN_TYPE = YES;
				GCC_WARN_UNINITIALIZED_AUTOS = YES;
				GCC_WARN_UNUSED_VARIABLE = YES;
				IPHONEOS_DEPLOYMENT_TARGET = 6.1;
				ONLY_ACTIVE_ARCH = YES;
				SDKROOT = iphoneos;
			};
			name = Debug;
		};
		D00330A417AE41A1007C96DA /* Release */ = {
			isa = XCBuildConfiguration;
			buildSettings = {
				ALWAYS_SEARCH_USER_PATHS = NO;
				CLANG_CXX_LANGUAGE_STANDARD = "gnu++0x";
				CLANG_CXX_LIBRARY = "libc++";
				CLANG_ENABLE_OBJC_ARC = YES;
				CLANG_WARN_CONSTANT_CONVERSION = YES;
				CLANG_WARN_EMPTY_BODY = YES;
				CLANG_WARN_ENUM_CONVERSION = YES;
				CLANG_WARN_INT_CONVERSION = YES;
				CLANG_WARN__DUPLICATE_METHOD_MATCH = YES;
				"CODE_SIGN_IDENTITY[sdk=iphoneos*]" = "iPhone Developer";
				COPY_PHASE_STRIP = YES;
				GCC_C_LANGUAGE_STANDARD = gnu99;
				GCC_WARN_ABOUT_RETURN_TYPE = YES;
				GCC_WARN_UNINITIALIZED_AUTOS = YES;
				GCC_WARN_UNUSED_VARIABLE = YES;
				IPHONEOS_DEPLOYMENT_TARGET = 6.1;
				OTHER_CFLAGS = "-DNS_BLOCK_ASSERTIONS=1";
				SDKROOT = iphoneos;
				VALIDATE_PRODUCT = YES;
			};
			name = Release;
		};
		D00330A617AE41A1007C96DA /* Debug */ = {
			isa = XCBuildConfiguration;
			buildSettings = {
				GCC_PRECOMPILE_PREFIX_HEADER = YES;
				GCC_PREFIX_HEADER = "BuswayTrap/BuswayTrap-Prefix.pch";
				INFOPLIST_FILE = "BuswayTrap/BuswayTrap-Info.plist";
				PRODUCT_NAME = "$(TARGET_NAME)";
				WRAPPER_EXTENSION = app;
			};
			name = Debug;
		};
		D00330A717AE41A1007C96DA /* Release */ = {
			isa = XCBuildConfiguration;
			buildSettings = {
				GCC_PRECOMPILE_PREFIX_HEADER = YES;
				GCC_PREFIX_HEADER = "BuswayTrap/BuswayTrap-Prefix.pch";
				INFOPLIST_FILE = "BuswayTrap/BuswayTrap-Info.plist";
				PRODUCT_NAME = "$(TARGET_NAME)";
				WRAPPER_EXTENSION = app;
			};
			name = Release;
		};
/* End XCBuildConfiguration section */

/* Begin XCConfigurationList section */
		D003308317AE41A0007C96DA /* Build configuration list for PBXProject "BuswayTrap" */ = {
			isa = XCConfigurationList;
			buildConfigurations = (
				D00330A317AE41A1007C96DA /* Debug */,
				D00330A417AE41A1007C96DA /* Release */,
			);
			defaultConfigurationIsVisible = 0;
			defaultConfigurationName = Release;
		};
		D00330A517AE41A1007C96DA /* Build configuration list for PBXNativeTarget "BuswayTrap" */ = {
			isa = XCConfigurationList;
			buildConfigurations = (
				D00330A617AE41A1007C96DA /* Debug */,
				D00330A717AE41A1007C96DA /* Release */,
			);
			defaultConfigurationIsVisible = 0;
		};
/* End XCConfigurationList section */
	};
	rootObject = D003308017AE41A0007C96DA /* Project object */;
}
