// !$*UTF8*$!
{
	archiveVersion = 1;
	classes = {
	};
	objectVersion = 46;
	objects = {

/* Begin PBXBuildFile section */
		D003308C17AE41A1007C96DA /* UIKit.framework in Frameworks */ = {isa = PBXBuildFile; fileRef = D003308B17AE41A1007C96DA /* UIKit.framework */; };
		D003308E17AE41A1007C96DA /* Foundation.framework in Frameworks */ = {isa = PBXBuildFile; fileRef = D003308D17AE41A1007C96DA /* Foundation.framework */; };
		D003309017AE41A1007C96DA /* CoreGraphics.framework in Frameworks */ = {isa = PBXBuildFile; fileRef = D003308F17AE41A1007C96DA /* CoreGraphics.framework */; };
		D003309617AE41A1007C96DA /* InfoPlist.strings in Resources */ = {isa = PBXBuildFile; fileRef = D003309417AE41A1007C96DA /* InfoPlist.strings */; };
		D003309817AE41A1007C96DA /* main.m in Sources */ = {isa = PBXBuildFile; fileRef = D003309717AE41A1007C96DA /* main.m */; };
		D003309C17AE41A1007C96DA /* netraAppDelegate.m in Sources */ = {isa = PBXBuildFile; fileRef = D003309B17AE41A1007C96DA /* netraAppDelegate.m */; };
		D003309E17AE41A1007C96DA /* Default.png in Resources */ = {isa = PBXBuildFile; fileRef = D003309D17AE41A1007C96DA /* Default.png */; };
		D00330A017AE41A1007C96DA /* Default@2x.png in Resources */ = {isa = PBXBuildFile; fileRef = D003309F17AE41A1007C96DA /* Default@2x.png */; };
		D00330A217AE41A1007C96DA /* Default-568h@2x.png in Resources */ = {isa = PBXBuildFile; fileRef = D00330A117AE41A1007C96DA /* Default-568h@2x.png */; };
/* End PBXBuildFile section */

/* Begin PBXFileReference section */
		D003308817AE41A1007C96DA /* BuswayTrap.app */ = {isa = PBXFileReference; explicitFileType = wrapper.application; includeInIndex = 0; path = BuswayTrap.app; sourceTree = BUILT_PRODUCTS_DIR; };
		D003308B17AE41A1007C96DA /* UIKit.framework */ = {isa = PBXFileReference; lastKnownFileType = wrapper.framework; name = UIKit.framework; path = System/Library/Frameworks/UIKit.framework; sourceTree = SDKROOT; };
		D003308D17AE41A1007C96DA /* Foundation.framework */ = {isa = PBXFileReference; lastKnownFileType = wrapper.framework; name = Foundation.framework; path = System/Library/Frameworks/Foundation.framework; sourceTree = SDKROOT; };
		D003308F17AE41A1007C96DA /* CoreGraphics.framework */ = {isa = PBXFileReference; lastKnownFileType = wrapper.framework; name = CoreGraphics.framework; path = System/Library/Frameworks/CoreGraphics.framework; sourceTree = SDKROOT; };
		D003309317AE41A1007C96DA /* BuswayTrap-Info.plist */ = {isa = PBXFileReference; lastKnownFileType = text.plist.xml; path = "BuswayTrap-Info.plist"; sourceTree = "<group>"; };
		D003309517AE41A1007C96DA /* en */ = {isa = PBXFileReference; lastKnownFileType = text.plist.strings; name = en; path = en.lproj/InfoPlist.strings; sourceTree = "<group>"; };
		D003309717AE41A1007C96DA /* main.m */ = {isa = PBXFileReference; lastKnownFileType = sourcecode.c.objc; path = main.m; sourceTree = "<group>"; };
		D003309917AE41A1007C96DA /* BuswayTrap-Prefix.pch */ = {isa = PBXFileReference; lastKnownFileType = sourcecode.c.h; path = "BuswayTrap-Prefix.pch"; sourceTree = "<group>"; };
		D003309A17AE41A1007C96DA /* netraAppDelegate.h */ = {isa = PBXFileReference; lastKnownFileType = sourcecode.c.h; path = netraAppDelegate.h; sourceTree = "<group>"; };
		D003309B17AE41A1007C96DA /* netraAppDelegate.m */ = {isa = PBXFileReference; lastKnownFileType = sourcecode.c.objc; path = netraAppDelegate.m; sourceTree = "<group>"; };
		D003309D17AE41A1007C96DA /* Default.png */ = {isa = PBXFileReference; lastKnownFileType = image.png; path = Default.png; sourceTree = "<group>"; };
		D003309F17AE41A1007C96DA /* Default@2x.png */ = {isa = PBXFileReference; lastKnownFileType = image.png; path = "Default@2x.png"; sourceTree = "<group>"; };
		D00330A117AE41A1007C96DA /* Default-568h@2x.png */ = {isa = PBXFileReference; lastKnownFileType = image.png; path = "Default-568h@2x.png"; sourceTree = "<group>"; };
/* End PBXFileReference section */

/* Begin PBXFrameworksBuildPhase section */
		D003308517AE41A0007C96DA /* Frameworks */ = {
			isa = PBXFrameworksBuildPhase;
			buildActionMask = 2147483647;
			files = (
				D003308C17AE41A1007C96DA /* UIKit.framework in Frameworks */,
				D003308E17AE41A1007C96DA /* Foundation.framework in Frameworks */,
				D003309017AE41A1007C96DA /* CoreGraphics.framework in Frameworks */,
			);
			runOnlyForDeploymentPostprocessing = 0;
		};
/* End PBXFrameworksBuildPhase section */

/* Begin PBXGroup section */
		D003307F17AE41A0007C96DA = {
			isa = PBXGroup;
			children = (
				D003309117AE41A1007C96DA /* BuswayTrap */,
				D003308A17AE41A1007C96DA /* Frameworks */,
				D003308917AE41A1007C96DA /* Products */,
			);
			sourceTree = "<group>";
		};
		D003308917AE41A1007C96DA /* Products */ = {
			isa = PBXGroup;
			children = (
				D003308817AE41A1007C96DA /* BuswayTrap.app */,
			);
			name = Products;
			sourceTree = "<group>";
		};
		D003308A17AE41A1007C96DA /* Frameworks */ = {
			isa = PBXGroup;
			children = (
				D003308B17AE41A1007C96DA /* UIKit.framework */,
				D003308D17AE41A1007C96DA /* Foundation.framework */,
				D003308F17AE41A1007C96DA /* CoreGraphics.framework */,
			);
			name = Frameworks;
			sourceTree = "<group>";
		};
		D003309117AE41A1007C96DA /* BuswayTrap */ = {
			isa = PBXGroup;
			children = (
				D003309A17AE41A1007C96DA /* netraAppDelegate.h */,
				D003309B17AE41A1007C96DA /* netraAppDelegate.m */,
				D003309217AE41A1007C96DA /* Supporting Files */,
			);
			path = BuswayTrap;
			sourceTree = "<group>";
		};
		D003309217AE41A1007C96DA /* Supporting Files */ = {
			isa = PBXGroup;
			children = (
				D003309317AE41A1007C96DA /* BuswayTrap-Info.plist */,
				D003309417AE41A1007C96DA /* InfoPlist.strings */,
				D003309717AE41A1007C96DA /* main.m */,
				D003309917AE41A1007C96DA /* BuswayTrap-Prefix.pch */,
				D003309D17AE41A1007C96DA /* Default.png */,
				D003309F17AE41A1007C96DA /* Default@2x.png */,
				D00330A117AE41A1007C96DA /* Default-568h@2x.png */,
			);
			name = "Supporting Files";
			sourceTree = "<group>";
		};
/* End PBXGroup section */

/* Begin PBXNativeTarget section */
		D003308717AE41A0007C96DA /* BuswayTrap */ = {
			isa = PBXNativeTarget;
			buildConfigurationList = D00330A517AE41A1007C96DA /* Build configuration list for PBXNativeTarget "BuswayTrap" */;
			buildPhases = (
				D003308417AE41A0007C96DA /* Sources */,
				D003308517AE41A0007C96DA /* Frameworks */,
				D003308617AE41A0007C96DA /* Resources */,
			);
			buildRules = (
			);
			dependencies = (
			);
			name = BuswayTrap;
			productName = BuswayTrap;
			productReference = D003308817AE41A1007C96DA /* BuswayTrap.app */;
			productType = "com.apple.product-type.application";
		};
/* End PBXNativeTarget section */

/* Begin PBXProject section */
		D003308017AE41A0007C96DA /* Project object */ = {
			isa = PBXProject;
			attributes = {
				CLASSPREFIX = netra;
				LastUpgradeCheck = 0460;
				ORGANIZATIONNAME = netra;
			};
			buildConfigurationList = D003308317AE41A0007C96DA /* Build configuration list for PBXProject "BuswayTrap" */;
			compatibilityVersion = "Xcode 3.2";
			developmentRegion = English;
			hasScannedForEncodings = 0;
			knownRegions = (
				en,
			);
			mainGroup = D003307F17AE41A0007C96DA;
			productRefGroup = D003308917AE41A1007C96DA /* Products */;
			projectDirPath = "";
			projectRoot = "";
			targets = (
				D003308717AE41A0007C96DA /* BuswayTrap */,
			);
		};
/* End PBXProject section */

/* Begin PBXResourcesBuildPhase section */
		D003308617AE41A0007C96DA /* Resources */ = {
			isa = PBXResourcesBuildPhase;
			buildActionMask = 2147483647;
			files = (
				D003309617AE41A1007C96DA /* InfoPlist.strings in Resources */,
				D003309E17AE41A1007C96DA /* Default.png in Resources */,
				D00330A017AE41A1007C96DA /* Default@2x.png in Resources */,
				D00330A217AE41A1007C96DA /* Default-568h@2x.png in Resources */,
			);
			runOnlyForDeploymentPostprocessing = 0;
		};
/* End PBXResourcesBuildPhase section */

/* Begin PBXSourcesBuildPhase section */
		D003308417AE41A0007C96DA /* Sources */ = {
			isa = PBXSourcesBuildPhase;
			buildActionMask = 2147483647;
			files = (
				D003309817AE41A1007C96DA /* main.m in Sources */,
				D003309C17AE41A1007C96DA /* netraAppDelegate.m in Sources */,
			);
			runOnlyForDeploymentPostprocessing = 0;
		};
/* End PBXSourcesBuildPhase section */

/* Begin PBXVariantGroup section */
		D003309417AE41A1007C96DA /* InfoPlist.strings */ = {
			isa = PBXVariantGroup;
			children = (
				D003309517AE41A1007C96DA /* en */,
			);
			name = InfoPlist.strings;
			sourceTree = "<group>";
		};
/* End PBXVariantGroup section */

/* Begin XCBuildConfiguration section */
		D00330A317AE41A1007C96DA /* Debug */ = {
			isa = XCBuildConfiguration;
			buildSettings = {
				ALWAYS_SEARCH_USER_PATHS = NO;
				CLANG_CXX_LANGUAGE_STANDARD = "gnu++0x";
				CLANG_CXX_LIBRARY = "libc++";
				CLANG_ENABLE_OBJC_ARC = YES;
				CLANG_WARN_CONSTANT_CONVERSION = YES;
				CLANG_WARN_EMPTY_BODY = YES;
				CLANG_WARN_ENUM_CONVERSION = YES;
				CLANG_WARN_INT_CONVERSION = YES;
				CLANG_WARN__DUPLICATE_METHOD_MATCH = YES;
				"CODE_SIGN_IDENTITY[sdk=iphoneos*]" = "iPhone Developer";
				COPY_PHASE_STRIP = NO;
				GCC_C_LANGUAGE_STANDARD = gnu99;
				GCC_DYNAMIC_NO_PIC = NO;
				GCC_OPTIMIZATION_LEVEL = 0;
				GCC_PREPROCESSOR_DEFINITIONS = (
					"DEBUG=1",
					"$(inherited)",
				);
				GCC_SYMBOLS_PRIVATE_EXTERN = NO;
				GCC_WARN_ABOUT_RETURN_TYPE = YES;
				GCC_WARN_UNINITIALIZED_AUTOS = YES;
				GCC_WARN_UNUSED_VARIABLE = YES;
				IPHONEOS_DEPLOYMENT_TARGET = 6.1;
				ONLY_ACTIVE_ARCH = YES;
				SDKROOT = iphoneos;
			};
			name = Debug;
		};
		D00330A417AE41A1007C96DA /* Release */ = {
			isa = XCBuildConfiguration;
			buildSettings = {
				ALWAYS_SEARCH_USER_PATHS = NO;
				CLANG_CXX_LANGUAGE_STANDARD = "gnu++0x";
				CLANG_CXX_LIBRARY = "libc++";
				CLANG_ENABLE_OBJC_ARC = YES;
				CLANG_WARN_CONSTANT_CONVERSION = YES;
				CLANG_WARN_EMPTY_BODY = YES;
				CLANG_WARN_ENUM_CONVERSION = YES;
				CLANG_WARN_INT_CONVERSION = YES;
				CLANG_WARN__DUPLICATE_METHOD_MATCH = YES;
				"CODE_SIGN_IDENTITY[sdk=iphoneos*]" = "iPhone Developer";
				COPY_PHASE_STRIP = YES;
				GCC_C_LANGUAGE_STANDARD = gnu99;
				GCC_WARN_ABOUT_RETURN_TYPE = YES;
				GCC_WARN_UNINITIALIZED_AUTOS = YES;
				GCC_WARN_UNUSED_VARIABLE = YES;
				IPHONEOS_DEPLOYMENT_TARGET = 6.1;
				OTHER_CFLAGS = "-DNS_BLOCK_ASSERTIONS=1";
				SDKROOT = iphoneos;
				VALIDATE_PRODUCT = YES;
			};
			name = Release;
		};
		D00330A617AE41A1007C96DA /* Debug */ = {
			isa = XCBuildConfiguration;
			buildSettings = {
				GCC_PRECOMPILE_PREFIX_HEADER = YES;
				GCC_PREFIX_HEADER = "BuswayTrap/BuswayTrap-Prefix.pch";
				INFOPLIST_FILE = "BuswayTrap/BuswayTrap-Info.plist";
				PRODUCT_NAME = "$(TARGET_NAME)";
				WRAPPER_EXTENSION = app;
			};
			name = Debug;
		};
		D00330A717AE41A1007C96DA /* Release */ = {
			isa = XCBuildConfiguration;
			buildSettings = {
				GCC_PRECOMPILE_PREFIX_HEADER = YES;
				GCC_PREFIX_HEADER = "BuswayTrap/BuswayTrap-Prefix.pch";
				INFOPLIST_FILE = "BuswayTrap/BuswayTrap-Info.plist";
				PRODUCT_NAME = "$(TARGET_NAME)";
				WRAPPER_EXTENSION = app;
			};
			name = Release;
		};
/* End XCBuildConfiguration section */

/* Begin XCConfigurationList section */
		D003308317AE41A0007C96DA /* Build configuration list for PBXProject "BuswayTrap" */ = {
			isa = XCConfigurationList;
			buildConfigurations = (
				D00330A317AE41A1007C96DA /* Debug */,
				D00330A417AE41A1007C96DA /* Release */,
			);
			defaultConfigurationIsVisible = 0;
			defaultConfigurationName = Release;
		};
		D00330A517AE41A1007C96DA /* Build configuration list for PBXNativeTarget "BuswayTrap" */ = {
			isa = XCConfigurationList;
			buildConfigurations = (
				D00330A617AE41A1007C96DA /* Debug */,
				D00330A717AE41A1007C96DA /* Release */,
			);
			defaultConfigurationIsVisible = 0;
		};
/* End XCConfigurationList section */
	};
	rootObject = D003308017AE41A0007C96DA /* Project object */;
}
